{
    "_readme": [
        "This file locks the dependencies of your project to a known state",
        "Read more about it at https://getcomposer.org/doc/01-basic-usage.md#composer-lock-the-lock-file",
        "This file is @generated automatically"
    ],
    "hash": "2838dfb3244e3ed3da321d533fb19d08",
    "content-hash": "5d055096b635307a62e9b9aae3c4d08d",
    "packages": [
        {
            "name": "aucor/dynamic-mo-loader",
            "version": "1.1.1",
            "source": {
                "type": "git",
                "url": "https://github.com/aucor/dynamic-mo-loader.git",
                "reference": "6b192ddae68664b9ec8cbb018cd2227db88ac5d1"
            },
            "dist": {
                "type": "zip",
                "url": "https://api.github.com/repos/aucor/dynamic-mo-loader/zipball/6b192ddae68664b9ec8cbb018cd2227db88ac5d1",
                "reference": "6b192ddae68664b9ec8cbb018cd2227db88ac5d1",
                "shasum": ""
            },
            "type": "wordpress-muplugin",
            "notification-url": "https://packagist.org/downloads/",
            "license": [
                "GPL-2.0+"
            ],
            "authors": [
                {
                    "name": "Janne Ala-Äijälä",
                    "email": "j2@aucor.fi"
                },
                {
                    "name": "Björn Ahrens",
                    "email": "bjoern@ahrens.net"
                }
            ],
            "description": "Better text domain loading with object cache support for WordPress",
            "homepage": "https://github.com/aucor/dynamic-mo-loader",
            "time": "2016-10-31 07:05:24"
        },
        {
            "name": "aucor/polylang-copy-content",
            "version": "0.1.2",
            "source": {
                "type": "git",
                "url": "https://github.com/aucor/polylang-copy-content.git",
                "reference": "760509be684257280f13dcc2abf4346a8fc173e0"
            },
            "dist": {
                "type": "zip",
                "url": "https://api.github.com/repos/aucor/polylang-copy-content/zipball/760509be684257280f13dcc2abf4346a8fc173e0",
                "reference": "760509be684257280f13dcc2abf4346a8fc173e0",
                "shasum": ""
            },
            "type": "wordpress-plugin",
            "notification-url": "https://packagist.org/downloads/",
            "license": [
                "GPLv2 or later"
            ],
            "authors": [
                {
                    "name": "Teemu Suoranta",
                    "email": "teemu@aucor.fi"
                }
            ],
            "description": "Copy content, title and attachments when creating a new translation with Polylang in WordPress",
            "homepage": "https://github.com/aucor/polylang-copy-content",
            "time": "2017-12-15 09:55:59"
        },
        {
            "name": "aucor/polylang-smart-language-select-disabler",
            "version": "1.0.2",
            "source": {
                "type": "git",
                "url": "https://github.com/aucor/polylang-smart-language-select-disabler.git",
                "reference": "190b272a67f8ae3a82c4d6ea87350c38d70ec1ea"
            },
            "dist": {
                "type": "zip",
                "url": "https://api.github.com/repos/aucor/polylang-smart-language-select-disabler/zipball/190b272a67f8ae3a82c4d6ea87350c38d70ec1ea",
                "reference": "190b272a67f8ae3a82c4d6ea87350c38d70ec1ea",
                "shasum": ""
            },
            "type": "wordpress-plugin",
            "notification-url": "https://packagist.org/downloads/",
            "license": [
                "GPL-2.0+"
            ],
            "authors": [
                {
                    "name": "Teemu Suoranta",
                    "email": "teemu@aucor.fi"
                }
            ],
            "homepage": "https://github.com/aucor/polylang-smart-language-select-disabler",
            "time": "2018-01-11 07:42:48"
        },
        {
            "name": "composer/installers",
            "version": "v1.0.12",
            "source": {
                "type": "git",
                "url": "https://github.com/composer/installers.git",
                "reference": "4127333b03e8b4c08d081958548aae5419d1a2fa"
            },
            "dist": {
                "type": "zip",
                "url": "https://api.github.com/repos/composer/installers/zipball/4127333b03e8b4c08d081958548aae5419d1a2fa",
                "reference": "4127333b03e8b4c08d081958548aae5419d1a2fa",
                "shasum": ""
            },
            "replace": {
                "shama/baton": "*"
            },
            "require-dev": {
                "composer/composer": "1.0.*@dev",
                "phpunit/phpunit": "3.7.*"
            },
            "type": "composer-installer",
            "extra": {
                "class": "Composer\\Installers\\Installer",
                "branch-alias": {
                    "dev-master": "1.0-dev"
                }
            },
            "autoload": {
                "psr-0": {
                    "Composer\\Installers\\": "src/"
                }
            },
            "notification-url": "https://packagist.org/downloads/",
            "license": [
                "MIT"
            ],
            "authors": [
                {
                    "name": "Kyle Robinson Young",
                    "email": "kyle@dontkry.com",
                    "homepage": "https://github.com/shama",
                    "role": "Developer"
                }
            ],
            "description": "A multi-framework Composer library installer",
            "homepage": "http://composer.github.com/installers/",
            "keywords": [
                "Craft",
                "Hurad",
                "MODX Evo",
                "OXID",
                "WolfCMS",
                "agl",
                "annotatecms",
                "cakephp",
                "codeigniter",
                "concrete5",
                "croogo",
                "drupal",
                "elgg",
                "fuelphp",
                "installer",
                "joomla",
                "kohana",
                "laravel",
                "lithium",
                "magento",
                "mako",
                "mediawiki",
                "modulework",
                "phpbb",
                "piwik",
                "ppi",
                "shopware",
                "silverstripe",
                "symfony",
                "typo3",
                "wordpress",
                "zend",
                "zikula"
            ],
            "time": "2014-02-24 04:21:34"
        },
        {
            "name": "devgeniem/wp-sanitize-accented-uploads",
            "version": "1.2.1",
            "source": {
                "type": "git",
                "url": "https://github.com/devgeniem/wp-sanitize-accented-uploads.git",
                "reference": "58c4f7a1adb568a37f98834c3eacb6d2c73b275e"
            },
            "dist": {
                "type": "zip",
                "url": "https://api.github.com/repos/devgeniem/wp-sanitize-accented-uploads/zipball/58c4f7a1adb568a37f98834c3eacb6d2c73b275e",
                "reference": "58c4f7a1adb568a37f98834c3eacb6d2c73b275e",
                "shasum": ""
            },
            "require": {
                "composer/installers": ">=v1.0.12",
                "php": ">=5.6"
            },
            "type": "wordpress-muplugin",
            "notification-url": "https://packagist.org/downloads/",
            "license": [
                "MIT"
            ],
            "authors": [
                {
                    "name": "Onni Hakala",
                    "email": "onni.hakala@geniem.com",
                    "homepage": "https://github.com/onnimonni"
                }
            ],
            "description": "Replaces accents from future uploads and has wp-cli command which you can use to sanitize current content.",
            "homepage": "http://geniem.com",
            "keywords": [
                "Escape",
                "accents",
                "sanitate",
                "uploads",
                "urls",
                "wordpress",
                "wp"
            ],
            "time": "2017-01-14 18:15:09"
        },
        {
            "name": "johnpbloch/wordpress-core",
            "version": "4.9.2",
            "source": {
                "type": "git",
                "url": "https://github.com/johnpbloch/wordpress-core.git",
                "reference": "59292fac30315323ce99e1a1d362015581e5d8e6"
            },
            "dist": {
                "type": "zip",
                "url": "https://api.github.com/repos/johnpbloch/wordpress-core/zipball/59292fac30315323ce99e1a1d362015581e5d8e6",
                "reference": "59292fac30315323ce99e1a1d362015581e5d8e6",
                "shasum": ""
            },
            "require": {
                "php": ">=5.3.2"
            },
            "provide": {
                "wordpress/core-implementation": "4.9.2"
            },
            "type": "wordpress-core",
            "notification-url": "https://packagist.org/downloads/",
            "license": [
                "GPL-2.0+"
            ],
            "authors": [
                {
                    "name": "WordPress Community",
                    "homepage": "http://wordpress.org/about/"
                }
            ],
            "description": "WordPress is web software you can use to create a beautiful website or blog.",
            "homepage": "http://wordpress.org/",
            "keywords": [
                "blog",
                "cms",
                "wordpress"
            ],
            "time": "2018-01-16 23:12:12"
        },
        {
            "name": "johnpbloch/wordpress-core-installer",
            "version": "0.2.1",
            "source": {
                "type": "git",
                "url": "https://github.com/johnpbloch/wordpress-core-installer.git",
                "reference": "a04c2c383ef13aae077f36799ed2eafdebd618d2"
            },
            "dist": {
                "type": "zip",
                "url": "https://api.github.com/repos/johnpbloch/wordpress-core-installer/zipball/a04c2c383ef13aae077f36799ed2eafdebd618d2",
                "reference": "a04c2c383ef13aae077f36799ed2eafdebd618d2",
                "shasum": ""
            },
            "require": {
                "composer-plugin-api": "^1.0"
            },
            "conflict": {
                "composer/installers": "<1.0.6"
            },
            "require-dev": {
                "composer/composer": "1.0.*@dev"
            },
            "type": "composer-plugin",
            "extra": {
                "class": "johnpbloch\\Composer\\WordPressCorePlugin"
            },
            "autoload": {
                "psr-0": {
                    "johnpbloch\\Composer\\": "src/"
                }
            },
            "notification-url": "https://packagist.org/downloads/",
            "license": [
                "GPL-2.0+"
            ],
            "authors": [
                {
                    "name": "John P. Bloch",
                    "email": "me@johnpbloch.com"
                }
            ],
            "description": "A custom installer to handle deploying WordPress with composer",
            "keywords": [
                "wordpress"
            ],
            "time": "2015-06-11 15:15:30"
        },
        {
            "name": "koodimonni-language/fi",
            "version": "4.9.2",
            "dist": {
                "type": "zip",
                "url": "https://downloads.wordpress.org/translation/core/4.9.2/fi.zip",
                "reference": null,
                "shasum": null
            },
            "require": {
                "koodimonni-plugin-language/akismet-fi": "*",
                "koodimonni-plugin-language/bbpress-fi": "*",
                "koodimonni-plugin-language/woocommerce-fi": "*",
                "koodimonni-plugin-language/wordpress-importer-fi": "*",
                "koodimonni-theme-language/twentyeleven-fi": "*",
                "koodimonni-theme-language/twentyfifteen-fi": "*",
                "koodimonni-theme-language/twentyfourteen-fi": "*",
                "koodimonni-theme-language/twentysixteen-fi": "*",
                "koodimonni-theme-language/twentyten-fi": "*",
                "koodimonni-theme-language/twentythirteen-fi": "*",
                "koodimonni-theme-language/twentytwelve-fi": "*",
                "koodimonni/composer-dropin-installer": ">=0.2.3"
            },
            "type": "wordpress-language",
            "description": "Full Wordpress translation (including themes and core plugins) for Finnish - fi",
            "keywords": [
                "Full-Package",
                "Translation",
                "Wordpress",
                "fi",
                "twentysixteen"
            ]
        },
        {
            "name": "koodimonni-plugin-language/akismet-fi",
            "version": "3.2",
            "dist": {
                "type": "zip",
                "url": "https://downloads.wordpress.org/translation/plugin/akismet/3.2/fi.zip",
                "reference": null,
                "shasum": null
            },
            "require": {
                "koodimonni/composer-dropin-installer": ">=0.2.3"
            },
            "type": "wordpress-language",
            "description": "Wordpress akismet translation for Finnish - fi",
            "keywords": [
                "Translation",
                "Wordpress",
                "akismet",
                "fi"
            ]
        },
        {
            "name": "koodimonni-plugin-language/bbpress-fi",
            "version": "2.5.14",
            "dist": {
                "type": "zip",
                "url": "https://downloads.wordpress.org/translation/plugin/bbpress/2.5.14/fi.zip",
                "reference": null,
                "shasum": null
            },
            "require": {
                "koodimonni/composer-dropin-installer": ">=0.2.3"
            },
            "type": "wordpress-language",
            "description": "Wordpress bbpress translation for Finnish - fi",
            "keywords": [
                "Translation",
                "Wordpress",
                "bbpress",
                "fi"
            ]
        },
        {
            "name": "koodimonni-plugin-language/woocommerce-fi",
            "version": "3.2.6",
            "dist": {
                "type": "zip",
                "url": "https://downloads.wordpress.org/translation/plugin/woocommerce/3.2.6/fi.zip",
                "reference": null,
                "shasum": null
            },
            "require": {
                "koodimonni/composer-dropin-installer": ">=0.2.3"
            },
            "type": "wordpress-language",
            "description": "Wordpress woocommerce translation for Finnish - fi",
            "keywords": [
                "Translation",
                "Wordpress",
                "fi",
                "woocommerce"
            ]
        },
        {
            "name": "koodimonni-plugin-language/wordpress-importer-fi",
            "version": "0.6.3",
            "dist": {
                "type": "zip",
                "url": "https://downloads.wordpress.org/translation/plugin/wordpress-importer/0.6.3/fi.zip",
                "reference": null,
                "shasum": null
            },
            "require": {
                "koodimonni/composer-dropin-installer": ">=0.2.3"
            },
            "type": "wordpress-language",
            "description": "Wordpress wordpress-importer translation for Finnish - fi",
            "keywords": [
                "Translation",
                "Wordpress",
                "fi",
                "wordpress-importer"
            ]
        },
        {
            "name": "koodimonni-theme-language/twentyeleven-fi",
            "version": "2.7",
            "dist": {
                "type": "zip",
                "url": "https://downloads.wordpress.org/translation/theme/twentyeleven/2.7/fi.zip",
                "reference": null,
                "shasum": null
            },
            "require": {
                "koodimonni/composer-dropin-installer": ">=0.2.3"
            },
            "type": "wordpress-language",
            "description": "Wordpress twentyeleven translation for Finnish - fi",
            "keywords": [
                "Translation",
                "Wordpress",
                "fi",
                "twentyeleven"
            ]
        },
        {
            "name": "koodimonni-theme-language/twentyfifteen-fi",
            "version": "1.9",
            "dist": {
                "type": "zip",
                "url": "https://downloads.wordpress.org/translation/theme/twentyfifteen/1.9/fi.zip",
                "reference": null,
                "shasum": null
            },
            "require": {
                "koodimonni/composer-dropin-installer": ">=0.2.3"
            },
            "type": "wordpress-language",
            "description": "Wordpress twentyfifteen translation for Finnish - fi",
            "keywords": [
                "Translation",
                "Wordpress",
                "fi",
                "twentyfifteen"
            ]
        },
        {
            "name": "koodimonni-theme-language/twentyfourteen-fi",
            "version": "2.1",
            "dist": {
                "type": "zip",
                "url": "https://downloads.wordpress.org/translation/theme/twentyfourteen/2.1/fi.zip",
                "reference": null,
                "shasum": null
            },
            "require": {
                "koodimonni/composer-dropin-installer": ">=0.2.3"
            },
            "type": "wordpress-language",
            "description": "Wordpress twentyfourteen translation for Finnish - fi",
            "keywords": [
                "Translation",
                "Wordpress",
                "fi",
                "twentyfourteen"
            ]
        },
        {
            "name": "koodimonni-theme-language/twentysixteen-fi",
            "version": "1.4",
            "dist": {
                "type": "zip",
                "url": "https://downloads.wordpress.org/translation/theme/twentysixteen/1.4/fi.zip",
                "reference": null,
                "shasum": null
            },
            "require": {
                "koodimonni/composer-dropin-installer": ">=0.2.3"
            },
            "type": "wordpress-language",
            "description": "Wordpress twentysixteen translation for Finnish - fi",
            "keywords": [
                "Translation",
                "Wordpress",
                "fi",
                "twentysixteen"
            ]
        },
        {
            "name": "koodimonni-theme-language/twentyten-fi",
            "version": "2.4",
            "dist": {
                "type": "zip",
                "url": "https://downloads.wordpress.org/translation/theme/twentyten/2.4/fi.zip",
                "reference": null,
                "shasum": null
            },
            "require": {
                "koodimonni/composer-dropin-installer": ">=0.2.3"
            },
            "type": "wordpress-language",
            "description": "Wordpress twentyten translation for Finnish - fi",
            "keywords": [
                "Translation",
                "Wordpress",
                "fi",
                "twentyten"
            ]
        },
        {
            "name": "koodimonni-theme-language/twentythirteen-fi",
            "version": "2.3",
            "dist": {
                "type": "zip",
                "url": "https://downloads.wordpress.org/translation/theme/twentythirteen/2.3/fi.zip",
                "reference": null,
                "shasum": null
            },
            "require": {
                "koodimonni/composer-dropin-installer": ">=0.2.3"
            },
            "type": "wordpress-language",
            "description": "Wordpress twentythirteen translation for Finnish - fi",
            "keywords": [
                "Translation",
                "Wordpress",
                "fi",
                "twentythirteen"
            ]
        },
        {
            "name": "koodimonni-theme-language/twentytwelve-fi",
            "version": "2.4",
            "dist": {
                "type": "zip",
                "url": "https://downloads.wordpress.org/translation/theme/twentytwelve/2.4/fi.zip",
                "reference": null,
                "shasum": null
            },
            "require": {
                "koodimonni/composer-dropin-installer": ">=0.2.3"
            },
            "type": "wordpress-language",
            "description": "Wordpress twentytwelve translation for Finnish - fi",
            "keywords": [
                "Translation",
                "Wordpress",
                "fi",
                "twentytwelve"
            ]
        },
        {
            "name": "koodimonni/composer-dropin-installer",
            "version": "1.1.0",
            "source": {
                "type": "git",
                "url": "https://github.com/Koodimonni/Composer-Dropin-Installer.git",
                "reference": "b09dd53d7bcbe41afec63bd142b17575935e2349"
            },
            "dist": {
                "type": "zip",
                "url": "https://api.github.com/repos/Koodimonni/Composer-Dropin-Installer/zipball/b09dd53d7bcbe41afec63bd142b17575935e2349",
                "reference": "b09dd53d7bcbe41afec63bd142b17575935e2349",
                "shasum": ""
            },
            "require": {
                "composer-plugin-api": "^1.0"
            },
            "require-dev": {
                "phpunit/phpunit": "3.7.*-dev"
            },
            "type": "composer-plugin",
            "extra": {
                "class": "Koodimonni\\Composer\\Dropin"
            },
            "autoload": {
                "psr-4": {
                    "Koodimonni\\Composer\\": "src"
                }
            },
            "notification-url": "https://packagist.org/downloads/",
            "license": [
                "WTFPL"
            ],
            "authors": [
                {
                    "name": "Onni Hakala",
                    "email": "onni@koodimonni.fi",
                    "role": "Developer"
                }
            ],
            "description": "Install packages or a few files from packages into custom paths without overwriting existing stuff.",
            "time": "2017-01-11 19:10:05"
        },
        {
            "name": "seravo/seravo-plugin",
            "version": "1.7.0",
            "source": {
                "type": "git",
                "url": "https://github.com/Seravo/seravo-plugin.git",
                "reference": "abb7626492bcf2b3788d76cd985e1229bf5e5050"
            },
            "dist": {
                "type": "zip",
                "url": "https://api.github.com/repos/Seravo/seravo-plugin/zipball/abb7626492bcf2b3788d76cd985e1229bf5e5050",
                "reference": "abb7626492bcf2b3788d76cd985e1229bf5e5050",
                "shasum": ""
            },
            "require": {
                "composer/installers": "v1.0.12"
            },
            "type": "wordpress-muplugin",
            "notification-url": "https://packagist.org/downloads/",
            "license": [
                "GPLv3"
            ],
            "authors": [
                {
                    "name": "Antti Kuosmanen",
                    "email": "antti@seravo.fi",
                    "homepage": "https://github.com/anttiviljami"
                },
                {
                    "name": "Otto Kekäläinen",
                    "email": "otto@seravo.fi",
                    "homepage": "https://github.com/ottok"
                }
            ],
            "description": "Enhances WordPress with Seravo.com specific features and integrations",
            "homepage": "http://seravo.com",
            "keywords": [
                "seravo",
                "seravo.com",
                "wordpress",
                "wp",
                "wp-palvelu"
            ],
            "time": "2017-12-16 20:17:39"
        },
        {
            "name": "vlucas/phpdotenv",
            "version": "v1.0.9",
            "source": {
                "type": "git",
                "url": "https://github.com/vlucas/phpdotenv.git",
                "reference": "56c252d48dce336da97926591aed71805203815b"
            },
            "dist": {
                "type": "zip",
                "url": "https://api.github.com/repos/vlucas/phpdotenv/zipball/56c252d48dce336da97926591aed71805203815b",
                "reference": "56c252d48dce336da97926591aed71805203815b",
                "shasum": ""
            },
            "require": {
                "php": ">=5.3.2"
            },
            "require-dev": {
                "phpunit/phpunit": "~4.0"
            },
            "type": "library",
            "extra": {
                "branch-alias": {
                    "dev-master": "1.0-dev"
                }
            },
            "autoload": {
                "psr-0": {
                    "Dotenv": "src/"
                }
            },
            "notification-url": "https://packagist.org/downloads/",
            "license": [
                "BSD"
            ],
            "authors": [
                {
                    "name": "Vance Lucas",
                    "email": "vance@vancelucas.com",
                    "homepage": "http://www.vancelucas.com"
                }
            ],
            "description": "Loads environment variables from `.env` to `getenv()`, `$_ENV` and `$_SERVER` automagically.",
            "homepage": "http://github.com/vlucas/phpdotenv",
            "keywords": [
                "dotenv",
                "env",
                "environment"
            ],
            "time": "2014-10-16 14:50:21"
        },
        {
            "name": "wpackagist-plugin/advanced-custom-fields",
            "version": "5.6.7",
            "source": {
                "type": "svn",
                "url": "https://plugins.svn.wordpress.org/advanced-custom-fields/",
                "reference": "tags/5.6.7"
            },
            "dist": {
                "type": "zip",
                "url": "https://downloads.wordpress.org/plugin/advanced-custom-fields.5.6.7.zip",
                "reference": null,
                "shasum": null
            },
            "require": {
                "composer/installers": "~1.0"
            },
            "type": "wordpress-plugin",
            "homepage": "https://wordpress.org/plugins/advanced-custom-fields/"
        },
        {
            "name": "wpackagist-plugin/autodescription",
            "version": "3.0.3",
            "source": {
                "type": "svn",
                "url": "https://plugins.svn.wordpress.org/autodescription/",
                "reference": "trunk"
            },
            "dist": {
                "type": "zip",
                "url": "https://downloads.wordpress.org/plugin/autodescription.zip?timestamp=1512599902",
                "reference": null,
                "shasum": null
            },
            "require": {
                "composer/installers": "~1.0"
            },
            "type": "wordpress-plugin",
            "homepage": "https://wordpress.org/plugins/autodescription/"
        },
        {
            "name": "wpackagist-plugin/dw-reactions",
            "version": "1.0.1.3",
            "source": {
                "type": "svn",
                "url": "https://plugins.svn.wordpress.org/dw-reactions/",
                "reference": "tags/1.0.1.3"
            },
            "dist": {
                "type": "zip",
                "url": "https://downloads.wordpress.org/plugin/dw-reactions.1.0.1.3.zip",
                "reference": null,
                "shasum": null
            },
            "require": {
                "composer/installers": "~1.0"
            },
            "type": "wordpress-plugin",
            "homepage": "https://wordpress.org/plugins/dw-reactions/"
        },
        {
            "name": "wpackagist-plugin/password-protected",
            "version": "2.1",
            "source": {
                "type": "svn",
                "url": "https://plugins.svn.wordpress.org/password-protected/",
                "reference": "tags/2.1"
            },
            "dist": {
                "type": "zip",
                "url": "https://downloads.wordpress.org/plugin/password-protected.2.1.zip",
                "reference": null,
                "shasum": null
            },
            "require": {
                "composer/installers": "~1.0"
            },
            "type": "wordpress-plugin",
            "homepage": "https://wordpress.org/plugins/password-protected/"
        },
        {
            "name": "wpackagist-plugin/polylang",
            "version": "2.2.8",
            "source": {
                "type": "svn",
                "url": "https://plugins.svn.wordpress.org/polylang/",
                "reference": "tags/2.2.8"
            },
            "dist": {
                "type": "zip",
                "url": "https://downloads.wordpress.org/plugin/polylang.2.2.8.zip",
                "reference": null,
                "shasum": null
            },
            "require": {
                "composer/installers": "~1.0"
            },
            "type": "wordpress-plugin",
            "homepage": "https://wordpress.org/plugins/polylang/"
        },
        {
            "name": "wpackagist-plugin/slack",
            "version": "0.6.0",
            "source": {
                "type": "svn",
                "url": "https://plugins.svn.wordpress.org/slack/",
                "reference": "tags/0.6.0"
            },
            "dist": {
                "type": "zip",
                "url": "https://downloads.wordpress.org/plugin/slack.0.6.0.zip",
                "reference": null,
                "shasum": null
            },
            "require": {
                "composer/installers": "~1.0"
            },
            "type": "wordpress-plugin",
            "homepage": "https://wordpress.org/plugins/slack/"
        },
        {
            "name": "wpackagist-plugin/wp-libre-form",
            "version": "1.4.3",
            "source": {
                "type": "svn",
                "url": "https://plugins.svn.wordpress.org/wp-libre-form/",
                "reference": "tags/1.4.3"
            },
            "dist": {
                "type": "zip",
                "url": "https://downloads.wordpress.org/plugin/wp-libre-form.1.4.3.zip",
                "reference": null,
                "shasum": null
            },
            "require": {
                "composer/installers": "~1.0"
            },
            "type": "wordpress-plugin",
            "homepage": "https://wordpress.org/plugins/wp-libre-form/"
        },
        {
            "name": "wpackagist-theme/twentyseventeen",
            "version": "1.4",
            "source": {
                "type": "svn",
                "url": "https://themes.svn.wordpress.org/twentyseventeen/",
                "reference": "1.4"
            },
            "dist": {
                "type": "zip",
                "url": "https://downloads.wordpress.org/theme/twentyseventeen.1.4.zip",
                "reference": null,
                "shasum": null
            },
            "require": {
                "composer/installers": "~1.0"
            },
            "type": "wordpress-theme",
            "homepage": "https://wordpress.org/themes/twentyseventeen/"
        }
    ],
    "packages-dev": [],
    "aliases": [],
    "minimum-stability": "stable",
    "stability-flags": [],
    "prefer-stable": false,
    "prefer-lowest": false,
    "platform": {
        "php": ">=5.3.2"
    },
    "platform-dev": []
}
